// !$*UTF8*$!
{
	archiveVersion = 1;
	classes = {
	};
	objectVersion = 56;
	objects = {

/* Begin PBXBuildFile section */
		E4EF50AB28B8034700228BC5 /* AppDelegate.swift in Sources */ = {isa = PBXBuildFile; fileRef = E4EF50AA28B8034700228BC5 /* AppDelegate.swift */; };
		E4EF50AD28B8034700228BC5 /* ViewController.swift in Sources */ = {isa = PBXBuildFile; fileRef = E4EF50AC28B8034700228BC5 /* ViewController.swift */; };
		E4EF50AF28B8034700228BC5 /* Document.swift in Sources */ = {isa = PBXBuildFile; fileRef = E4EF50AE28B8034700228BC5 /* Document.swift */; };
		E4EF50B228B8034700228BC5 /* Document.xcdatamodeld in Sources */ = {isa = PBXBuildFile; fileRef = E4EF50B028B8034700228BC5 /* Document.xcdatamodeld */; };
		E4EF50B428B8034900228BC5 /* Assets.xcassets in Resources */ = {isa = PBXBuildFile; fileRef = E4EF50B328B8034900228BC5 /* Assets.xcassets */; };
		E4EF50B728B8034900228BC5 /* Main.storyboard in Resources */ = {isa = PBXBuildFile; fileRef = E4EF50B528B8034900228BC5 /* Main.storyboard */; };
		E4EF50C328B8034900228BC5 /* BergeracWoChartsTests.swift in Sources */ = {isa = PBXBuildFile; fileRef = E4EF50C228B8034900228BC5 /* BergeracWoChartsTests.swift */; };
		E4EF50CD28B8034900228BC5 /* BergeracWoChartsUITests.swift in Sources */ = {isa = PBXBuildFile; fileRef = E4EF50CC28B8034900228BC5 /* BergeracWoChartsUITests.swift */; };
		E4EF50CF28B8034900228BC5 /* BergeracWoChartsUITestsLaunchTests.swift in Sources */ = {isa = PBXBuildFile; fileRef = E4EF50CE28B8034900228BC5 /* BergeracWoChartsUITestsLaunchTests.swift */; };
		E4EF50DE28B8050E00228BC5 /* LaunchAtLogin in Frameworks */ = {isa = PBXBuildFile; productRef = E4EF50DD28B8050E00228BC5 /* LaunchAtLogin */; };
		E4EF50E128B8056100228BC5 /* SwiftDate in Frameworks */ = {isa = PBXBuildFile; productRef = E4EF50E028B8056100228BC5 /* SwiftDate */; };
		E4EF50E428B805A600228BC5 /* SwiftyTranslate in Frameworks */ = {isa = PBXBuildFile; productRef = E4EF50E328B805A600228BC5 /* SwiftyTranslate */; };
		E4EF50E728B8069200228BC5 /* Charts in Frameworks */ = {isa = PBXBuildFile; productRef = E4EF50E628B8069200228BC5 /* Charts */; };
/* End PBXBuildFile section */

/* Begin PBXContainerItemProxy section */
		E4EF50BF28B8034900228BC5 /* PBXContainerItemProxy */ = {
			isa = PBXContainerItemProxy;
			containerPortal = E4EF509F28B8034700228BC5 /* Project object */;
			proxyType = 1;
			remoteGlobalIDString = E4EF50A628B8034700228BC5;
			remoteInfo = BergeracWoCharts;
		};
		E4EF50C928B8034900228BC5 /* PBXContainerItemProxy */ = {
			isa = PBXContainerItemProxy;
			containerPortal = E4EF509F28B8034700228BC5 /* Project object */;
			proxyType = 1;
			remoteGlobalIDString = E4EF50A628B8034700228BC5;
			remoteInfo = BergeracWoCharts;
		};
/* End PBXContainerItemProxy section */

/* Begin PBXFileReference section */
		E4EF50A728B8034700228BC5 /* BergeracWoCharts.app */ = {isa = PBXFileReference; explicitFileType = wrapper.application; includeInIndex = 0; path = BergeracWoCharts.app; sourceTree = BUILT_PRODUCTS_DIR; };
		E4EF50AA28B8034700228BC5 /* AppDelegate.swift */ = {isa = PBXFileReference; lastKnownFileType = sourcecode.swift; path = AppDelegate.swift; sourceTree = "<group>"; };
		E4EF50AC28B8034700228BC5 /* ViewController.swift */ = {isa = PBXFileReference; lastKnownFileType = sourcecode.swift; path = ViewController.swift; sourceTree = "<group>"; };
		E4EF50AE28B8034700228BC5 /* Document.swift */ = {isa = PBXFileReference; lastKnownFileType = sourcecode.swift; path = Document.swift; sourceTree = "<group>"; };
		E4EF50B128B8034700228BC5 /* Document.xcdatamodel */ = {isa = PBXFileReference; lastKnownFileType = wrapper.xcdatamodel; path = Document.xcdatamodel; sourceTree = "<group>"; };
		E4EF50B328B8034900228BC5 /* Assets.xcassets */ = {isa = PBXFileReference; lastKnownFileType = folder.assetcatalog; path = Assets.xcassets; sourceTree = "<group>"; };
		E4EF50B628B8034900228BC5 /* Base */ = {isa = PBXFileReference; lastKnownFileType = file.storyboard; name = Base; path = Base.lproj/Main.storyboard; sourceTree = "<group>"; };
		E4EF50B828B8034900228BC5 /* Info.plist */ = {isa = PBXFileReference; lastKnownFileType = text.plist.xml; path = Info.plist; sourceTree = "<group>"; };
		E4EF50B928B8034900228BC5 /* BergeracWoCharts.entitlements */ = {isa = PBXFileReference; lastKnownFileType = text.plist.entitlements; path = BergeracWoCharts.entitlements; sourceTree = "<group>"; };
		E4EF50BE28B8034900228BC5 /* BergeracWoChartsTests.xctest */ = {isa = PBXFileReference; explicitFileType = wrapper.cfbundle; includeInIndex = 0; path = BergeracWoChartsTests.xctest; sourceTree = BUILT_PRODUCTS_DIR; };
		E4EF50C228B8034900228BC5 /* BergeracWoChartsTests.swift */ = {isa = PBXFileReference; lastKnownFileType = sourcecode.swift; path = BergeracWoChartsTests.swift; sourceTree = "<group>"; };
		E4EF50C828B8034900228BC5 /* BergeracWoChartsUITests.xctest */ = {isa = PBXFileReference; explicitFileType = wrapper.cfbundle; includeInIndex = 0; path = BergeracWoChartsUITests.xctest; sourceTree = BUILT_PRODUCTS_DIR; };
		E4EF50CC28B8034900228BC5 /* BergeracWoChartsUITests.swift */ = {isa = PBXFileReference; lastKnownFileType = sourcecode.swift; path = BergeracWoChartsUITests.swift; sourceTree = "<group>"; };
		E4EF50CE28B8034900228BC5 /* BergeracWoChartsUITestsLaunchTests.swift */ = {isa = PBXFileReference; lastKnownFileType = sourcecode.swift; path = BergeracWoChartsUITestsLaunchTests.swift; sourceTree = "<group>"; };
/* End PBXFileReference section */

/* Begin PBXFrameworksBuildPhase section */
		E4EF50A428B8034700228BC5 /* Frameworks */ = {
			isa = PBXFrameworksBuildPhase;
			buildActionMask = 2147483647;
			files = (
				E4EF50E128B8056100228BC5 /* SwiftDate in Frameworks */,
				E4EF50E428B805A600228BC5 /* SwiftyTranslate in Frameworks */,
				E4EF50DE28B8050E00228BC5 /* LaunchAtLogin in Frameworks */,
				E4EF50E728B8069200228BC5 /* Charts in Frameworks */,
			);
			runOnlyForDeploymentPostprocessing = 0;
		};
		E4EF50BB28B8034900228BC5 /* Frameworks */ = {
			isa = PBXFrameworksBuildPhase;
			buildActionMask = 2147483647;
			files = (
			);
			runOnlyForDeploymentPostprocessing = 0;
		};
		E4EF50C528B8034900228BC5 /* Frameworks */ = {
			isa = PBXFrameworksBuildPhase;
			buildActionMask = 2147483647;
			files = (
			);
			runOnlyForDeploymentPostprocessing = 0;
		};
/* End PBXFrameworksBuildPhase section */

/* Begin PBXGroup section */
		E4EF509E28B8034700228BC5 = {
			isa = PBXGroup;
			children = (
				E4EF50A928B8034700228BC5 /* BergeracWoCharts */,
				E4EF50C128B8034900228BC5 /* BergeracWoChartsTests */,
				E4EF50CB28B8034900228BC5 /* BergeracWoChartsUITests */,
				E4EF50A828B8034700228BC5 /* Products */,
			);
			sourceTree = "<group>";
		};
		E4EF50A828B8034700228BC5 /* Products */ = {
			isa = PBXGroup;
			children = (
				E4EF50A728B8034700228BC5 /* BergeracWoCharts.app */,
				E4EF50BE28B8034900228BC5 /* BergeracWoChartsTests.xctest */,
				E4EF50C828B8034900228BC5 /* BergeracWoChartsUITests.xctest */,
			);
			name = Products;
			sourceTree = "<group>";
		};
		E4EF50A928B8034700228BC5 /* BergeracWoCharts */ = {
			isa = PBXGroup;
			children = (
				E4EF50DB28B803E300228BC5 /* Group */,
				E4EF50AA28B8034700228BC5 /* AppDelegate.swift */,
				E4EF50AC28B8034700228BC5 /* ViewController.swift */,
				E4EF50AE28B8034700228BC5 /* Document.swift */,
				E4EF50B328B8034900228BC5 /* Assets.xcassets */,
				E4EF50B528B8034900228BC5 /* Main.storyboard */,
				E4EF50B828B8034900228BC5 /* Info.plist */,
				E4EF50B928B8034900228BC5 /* BergeracWoCharts.entitlements */,
				E4EF50B028B8034700228BC5 /* Document.xcdatamodeld */,
			);
			path = BergeracWoCharts;
			sourceTree = "<group>";
		};
		E4EF50C128B8034900228BC5 /* BergeracWoChartsTests */ = {
			isa = PBXGroup;
			children = (
				E4EF50C228B8034900228BC5 /* BergeracWoChartsTests.swift */,
			);
			path = BergeracWoChartsTests;
			sourceTree = "<group>";
		};
		E4EF50CB28B8034900228BC5 /* BergeracWoChartsUITests */ = {
			isa = PBXGroup;
			children = (
				E4EF50CC28B8034900228BC5 /* BergeracWoChartsUITests.swift */,
				E4EF50CE28B8034900228BC5 /* BergeracWoChartsUITestsLaunchTests.swift */,
			);
			path = BergeracWoChartsUITests;
			sourceTree = "<group>";
		};
		E4EF50DB28B803E300228BC5 /* Group */ = {
			isa = PBXGroup;
			children = (
			);
			path = Group;
			sourceTree = "<group>";
		};
/* End PBXGroup section */

/* Begin PBXNativeTarget section */
		E4EF50A628B8034700228BC5 /* BergeracWoCharts */ = {
			isa = PBXNativeTarget;
			buildConfigurationList = E4EF50D228B8034900228BC5 /* Build configuration list for PBXNativeTarget "BergeracWoCharts" */;
			buildPhases = (
				E4EF50A328B8034700228BC5 /* Sources */,
				E4EF50A428B8034700228BC5 /* Frameworks */,
				E4EF50A528B8034700228BC5 /* Resources */,
			);
			buildRules = (
			);
			dependencies = (
			);
			name = BergeracWoCharts;
			packageProductDependencies = (
				E4EF50DD28B8050E00228BC5 /* LaunchAtLogin */,
				E4EF50E028B8056100228BC5 /* SwiftDate */,
				E4EF50E328B805A600228BC5 /* SwiftyTranslate */,
				E4EF50E628B8069200228BC5 /* Charts */,
			);
			productName = BergeracWoCharts;
			productReference = E4EF50A728B8034700228BC5 /* BergeracWoCharts.app */;
			productType = "com.apple.product-type.application";
		};
		E4EF50BD28B8034900228BC5 /* BergeracWoChartsTests */ = {
			isa = PBXNativeTarget;
			buildConfigurationList = E4EF50D528B8034900228BC5 /* Build configuration list for PBXNativeTarget "BergeracWoChartsTests" */;
			buildPhases = (
				E4EF50BA28B8034900228BC5 /* Sources */,
				E4EF50BB28B8034900228BC5 /* Frameworks */,
				E4EF50BC28B8034900228BC5 /* Resources */,
			);
			buildRules = (
			);
			dependencies = (
				E4EF50C028B8034900228BC5 /* PBXTargetDependency */,
			);
			name = BergeracWoChartsTests;
			productName = BergeracWoChartsTests;
			productReference = E4EF50BE28B8034900228BC5 /* BergeracWoChartsTests.xctest */;
			productType = "com.apple.product-type.bundle.unit-test";
		};
		E4EF50C728B8034900228BC5 /* BergeracWoChartsUITests */ = {
			isa = PBXNativeTarget;
			buildConfigurationList = E4EF50D828B8034900228BC5 /* Build configuration list for PBXNativeTarget "BergeracWoChartsUITests" */;
			buildPhases = (
				E4EF50C428B8034900228BC5 /* Sources */,
				E4EF50C528B8034900228BC5 /* Frameworks */,
				E4EF50C628B8034900228BC5 /* Resources */,
			);
			buildRules = (
			);
			dependencies = (
				E4EF50CA28B8034900228BC5 /* PBXTargetDependency */,
			);
			name = BergeracWoChartsUITests;
			productName = BergeracWoChartsUITests;
			productReference = E4EF50C828B8034900228BC5 /* BergeracWoChartsUITests.xctest */;
			productType = "com.apple.product-type.bundle.ui-testing";
		};
/* End PBXNativeTarget section */

/* Begin PBXProject section */
		E4EF509F28B8034700228BC5 /* Project object */ = {
			isa = PBXProject;
			attributes = {
				BuildIndependentTargetsInParallel = 1;
				LastSwiftUpdateCheck = 1400;
				LastUpgradeCheck = 1400;
				TargetAttributes = {
					E4EF50A628B8034700228BC5 = {
						CreatedOnToolsVersion = 14.0;
					};
					E4EF50BD28B8034900228BC5 = {
						CreatedOnToolsVersion = 14.0;
						TestTargetID = E4EF50A628B8034700228BC5;
					};
					E4EF50C728B8034900228BC5 = {
						CreatedOnToolsVersion = 14.0;
						TestTargetID = E4EF50A628B8034700228BC5;
					};
				};
			};
			buildConfigurationList = E4EF50A228B8034700228BC5 /* Build configuration list for PBXProject "BergeracWoCharts" */;
			compatibilityVersion = "Xcode 14.0";
			developmentRegion = en;
			hasScannedForEncodings = 0;
			knownRegions = (
				en,
				Base,
			);
			mainGroup = E4EF509E28B8034700228BC5;
			packageReferences = (
				E4EF50DC28B8050E00228BC5 /* XCRemoteSwiftPackageReference "LaunchAtLogin" */,
				E4EF50DF28B8056100228BC5 /* XCRemoteSwiftPackageReference "SwiftDate" */,
				E4EF50E228B805A600228BC5 /* XCRemoteSwiftPackageReference "SwiftyTranslate" */,
				E4EF50E528B8069200228BC5 /* XCRemoteSwiftPackageReference "Charts" */,
			);
			productRefGroup = E4EF50A828B8034700228BC5 /* Products */;
			projectDirPath = "";
			projectRoot = "";
			targets = (
				E4EF50A628B8034700228BC5 /* BergeracWoCharts */,
				E4EF50BD28B8034900228BC5 /* BergeracWoChartsTests */,
				E4EF50C728B8034900228BC5 /* BergeracWoChartsUITests */,
			);
		};
/* End PBXProject section */

/* Begin PBXResourcesBuildPhase section */
		E4EF50A528B8034700228BC5 /* Resources */ = {
			isa = PBXResourcesBuildPhase;
			buildActionMask = 2147483647;
			files = (
				E4EF50B428B8034900228BC5 /* Assets.xcassets in Resources */,
				E4EF50B728B8034900228BC5 /* Main.storyboard in Resources */,
			);
			runOnlyForDeploymentPostprocessing = 0;
		};
		E4EF50BC28B8034900228BC5 /* Resources */ = {
			isa = PBXResourcesBuildPhase;
			buildActionMask = 2147483647;
			files = (
			);
			runOnlyForDeploymentPostprocessing = 0;
		};
		E4EF50C628B8034900228BC5 /* Resources */ = {
			isa = PBXResourcesBuildPhase;
			buildActionMask = 2147483647;
			files = (
			);
			runOnlyForDeploymentPostprocessing = 0;
		};
/* End PBXResourcesBuildPhase section */

/* Begin PBXSourcesBuildPhase section */
		E4EF50A328B8034700228BC5 /* Sources */ = {
			isa = PBXSourcesBuildPhase;
			buildActionMask = 2147483647;
			files = (
				E4EF50B228B8034700228BC5 /* Document.xcdatamodeld in Sources */,
				E4EF50AD28B8034700228BC5 /* ViewController.swift in Sources */,
				E4EF50AB28B8034700228BC5 /* AppDelegate.swift in Sources */,
				E4EF50AF28B8034700228BC5 /* Document.swift in Sources */,
			);
			runOnlyForDeploymentPostprocessing = 0;
		};
		E4EF50BA28B8034900228BC5 /* Sources */ = {
			isa = PBXSourcesBuildPhase;
			buildActionMask = 2147483647;
			files = (
				E4EF50C328B8034900228BC5 /* BergeracWoChartsTests.swift in Sources */,
			);
			runOnlyForDeploymentPostprocessing = 0;
		};
		E4EF50C428B8034900228BC5 /* Sources */ = {
			isa = PBXSourcesBuildPhase;
			buildActionMask = 2147483647;
			files = (
				E4EF50CF28B8034900228BC5 /* BergeracWoChartsUITestsLaunchTests.swift in Sources */,
				E4EF50CD28B8034900228BC5 /* BergeracWoChartsUITests.swift in Sources */,
			);
			runOnlyForDeploymentPostprocessing = 0;
		};
/* End PBXSourcesBuildPhase section */

/* Begin PBXTargetDependency section */
		E4EF50C028B8034900228BC5 /* PBXTargetDependency */ = {
			isa = PBXTargetDependency;
			target = E4EF50A628B8034700228BC5 /* BergeracWoCharts */;
			targetProxy = E4EF50BF28B8034900228BC5 /* PBXContainerItemProxy */;
		};
		E4EF50CA28B8034900228BC5 /* PBXTargetDependency */ = {
			isa = PBXTargetDependency;
			target = E4EF50A628B8034700228BC5 /* BergeracWoCharts */;
			targetProxy = E4EF50C928B8034900228BC5 /* PBXContainerItemProxy */;
		};
/* End PBXTargetDependency section */

/* Begin PBXVariantGroup section */
		E4EF50B528B8034900228BC5 /* Main.storyboard */ = {
			isa = PBXVariantGroup;
			children = (
				E4EF50B628B8034900228BC5 /* Base */,
			);
			name = Main.storyboard;
			sourceTree = "<group>";
		};
/* End PBXVariantGroup section */

/* Begin XCBuildConfiguration section */
		E4EF50D028B8034900228BC5 /* Debug */ = {
			isa = XCBuildConfiguration;
			buildSettings = {
				ALWAYS_SEARCH_USER_PATHS = NO;
				CLANG_ANALYZER_NONNULL = YES;
				CLANG_ANALYZER_NUMBER_OBJECT_CONVERSION = YES_AGGRESSIVE;
				CLANG_CXX_LANGUAGE_STANDARD = "gnu++20";
				CLANG_ENABLE_MODULES = YES;
				CLANG_ENABLE_OBJC_ARC = YES;
				CLANG_ENABLE_OBJC_WEAK = YES;
				CLANG_WARN_BLOCK_CAPTURE_AUTORELEASING = YES;
				CLANG_WARN_BOOL_CONVERSION = YES;
				CLANG_WARN_COMMA = YES;
				CLANG_WARN_CONSTANT_CONVERSION = YES;
				CLANG_WARN_DEPRECATED_OBJC_IMPLEMENTATIONS = YES;
				CLANG_WARN_DIRECT_OBJC_ISA_USAGE = YES_ERROR;
				CLANG_WARN_DOCUMENTATION_COMMENTS = YES;
				CLANG_WARN_EMPTY_BODY = YES;
				CLANG_WARN_ENUM_CONVERSION = YES;
				CLANG_WARN_INFINITE_RECURSION = YES;
				CLANG_WARN_INT_CONVERSION = YES;
				CLANG_WARN_NON_LITERAL_NULL_CONVERSION = YES;
				CLANG_WARN_OBJC_IMPLICIT_RETAIN_SELF = YES;
				CLANG_WARN_OBJC_LITERAL_CONVERSION = YES;
				CLANG_WARN_OBJC_ROOT_CLASS = YES_ERROR;
				CLANG_WARN_QUOTED_INCLUDE_IN_FRAMEWORK_HEADER = YES;
				CLANG_WARN_RANGE_LOOP_ANALYSIS = YES;
				CLANG_WARN_STRICT_PROTOTYPES = YES;
				CLANG_WARN_SUSPICIOUS_MOVE = YES;
				CLANG_WARN_UNGUARDED_AVAILABILITY = YES_AGGRESSIVE;
				CLANG_WARN_UNREACHABLE_CODE = YES;
				CLANG_WARN__DUPLICATE_METHOD_MATCH = YES;
				COPY_PHASE_STRIP = NO;
				DEBUG_INFORMATION_FORMAT = dwarf;
				ENABLE_STRICT_OBJC_MSGSEND = YES;
				ENABLE_TESTABILITY = YES;
				GCC_C_LANGUAGE_STANDARD = gnu11;
				GCC_DYNAMIC_NO_PIC = NO;
				GCC_NO_COMMON_BLOCKS = YES;
				GCC_OPTIMIZATION_LEVEL = 0;
				GCC_PREPROCESSOR_DEFINITIONS = (
					"DEBUG=1",
					"$(inherited)",
				);
				GCC_WARN_64_TO_32_BIT_CONVERSION = YES;
				GCC_WARN_ABOUT_RETURN_TYPE = YES_ERROR;
				GCC_WARN_UNDECLARED_SELECTOR = YES;
				GCC_WARN_UNINITIALIZED_AUTOS = YES_AGGRESSIVE;
				GCC_WARN_UNUSED_FUNCTION = YES;
				GCC_WARN_UNUSED_VARIABLE = YES;
				MACOSX_DEPLOYMENT_TARGET = 13.0;
				MTL_ENABLE_DEBUG_INFO = INCLUDE_SOURCE;
				MTL_FAST_MATH = YES;
				ONLY_ACTIVE_ARCH = YES;
				SDKROOT = macosx;
				SWIFT_ACTIVE_COMPILATION_CONDITIONS = DEBUG;
				SWIFT_OPTIMIZATION_LEVEL = "-Onone";
			};
			name = Debug;
		};
		E4EF50D128B8034900228BC5 /* Release */ = {
			isa = XCBuildConfiguration;
			buildSettings = {
				ALWAYS_SEARCH_USER_PATHS = NO;
				CLANG_ANALYZER_NONNULL = YES;
				CLANG_ANALYZER_NUMBER_OBJECT_CONVERSION = YES_AGGRESSIVE;
				CLANG_CXX_LANGUAGE_STANDARD = "gnu++20";
				CLANG_ENABLE_MODULES = YES;
				CLANG_ENABLE_OBJC_ARC = YES;
				CLANG_ENABLE_OBJC_WEAK = YES;
				CLANG_WARN_BLOCK_CAPTURE_AUTORELEASING = YES;
				CLANG_WARN_BOOL_CONVERSION = YES;
				CLANG_WARN_COMMA = YES;
				CLANG_WARN_CONSTANT_CONVERSION = YES;
				CLANG_WARN_DEPRECATED_OBJC_IMPLEMENTATIONS = YES;
				CLANG_WARN_DIRECT_OBJC_ISA_USAGE = YES_ERROR;
				CLANG_WARN_DOCUMENTATION_COMMENTS = YES;
				CLANG_WARN_EMPTY_BODY = YES;
				CLANG_WARN_ENUM_CONVERSION = YES;
				CLANG_WARN_INFINITE_RECURSION = YES;
				CLANG_WARN_INT_CONVERSION = YES;
				CLANG_WARN_NON_LITERAL_NULL_CONVERSION = YES;
				CLANG_WARN_OBJC_IMPLICIT_RETAIN_SELF = YES;
				CLANG_WARN_OBJC_LITERAL_CONVERSION = YES;
				CLANG_WARN_OBJC_ROOT_CLASS = YES_ERROR;
				CLANG_WARN_QUOTED_INCLUDE_IN_FRAMEWORK_HEADER = YES;
				CLANG_WARN_RANGE_LOOP_ANALYSIS = YES;
				CLANG_WARN_STRICT_PROTOTYPES = YES;
				CLANG_WARN_SUSPICIOUS_MOVE = YES;
				CLANG_WARN_UNGUARDED_AVAILABILITY = YES_AGGRESSIVE;
				CLANG_WARN_UNREACHABLE_CODE = YES;
				CLANG_WARN__DUPLICATE_METHOD_MATCH = YES;
				COPY_PHASE_STRIP = NO;
				DEBUG_INFORMATION_FORMAT = "dwarf-with-dsym";
				ENABLE_NS_ASSERTIONS = NO;
				ENABLE_STRICT_OBJC_MSGSEND = YES;
				GCC_C_LANGUAGE_STANDARD = gnu11;
				GCC_NO_COMMON_BLOCKS = YES;
				GCC_WARN_64_TO_32_BIT_CONVERSION = YES;
				GCC_WARN_ABOUT_RETURN_TYPE = YES_ERROR;
				GCC_WARN_UNDECLARED_SELECTOR = YES;
				GCC_WARN_UNINITIALIZED_AUTOS = YES_AGGRESSIVE;
				GCC_WARN_UNUSED_FUNCTION = YES;
				GCC_WARN_UNUSED_VARIABLE = YES;
				MACOSX_DEPLOYMENT_TARGET = 13.0;
				MTL_ENABLE_DEBUG_INFO = NO;
				MTL_FAST_MATH = YES;
				SDKROOT = macosx;
				SWIFT_COMPILATION_MODE = wholemodule;
				SWIFT_OPTIMIZATION_LEVEL = "-O";
			};
			name = Release;
		};
		E4EF50D328B8034900228BC5 /* Debug */ = {
			isa = XCBuildConfiguration;
			buildSettings = {
				ASSETCATALOG_COMPILER_APPICON_NAME = AppIcon;
				ASSETCATALOG_COMPILER_GLOBAL_ACCENT_COLOR_NAME = AccentColor;
				CODE_SIGN_ENTITLEMENTS = BergeracWoCharts/BergeracWoCharts.entitlements;
				CODE_SIGN_STYLE = Automatic;
				COMBINE_HIDPI_IMAGES = YES;
				CURRENT_PROJECT_VERSION = 1;
				GENERATE_INFOPLIST_FILE = YES;
				INFOPLIST_FILE = BergeracWoCharts/Info.plist;
				INFOPLIST_KEY_NSHumanReadableCopyright = "";
				INFOPLIST_KEY_NSMainStoryboardFile = Main;
				INFOPLIST_KEY_NSPrincipalClass = NSApplication;
				LD_RUNPATH_SEARCH_PATHS = (
					"$(inherited)",
					"@executable_path/../Frameworks",
				);
				MARKETING_VERSION = 1.0;
				PRODUCT_BUNDLE_IDENTIFIER = th.BergeracWoCharts;
				PRODUCT_NAME = "$(TARGET_NAME)";
				SWIFT_EMIT_LOC_STRINGS = YES;
				SWIFT_VERSION = 5.0;
			};
			name = Debug;
		};
		E4EF50D428B8034900228BC5 /* Release */ = {
			isa = XCBuildConfiguration;
			buildSettings = {
				ASSETCATALOG_COMPILER_APPICON_NAME = AppIcon;
				ASSETCATALOG_COMPILER_GLOBAL_ACCENT_COLOR_NAME = AccentColor;
				CODE_SIGN_ENTITLEMENTS = BergeracWoCharts/BergeracWoCharts.entitlements;
				CODE_SIGN_STYLE = Automatic;
				COMBINE_HIDPI_IMAGES = YES;
				CURRENT_PROJECT_VERSION = 1;
				GENERATE_INFOPLIST_FILE = YES;
				INFOPLIST_FILE = BergeracWoCharts/Info.plist;
				INFOPLIST_KEY_NSHumanReadableCopyright = "";
				INFOPLIST_KEY_NSMainStoryboardFile = Main;
				INFOPLIST_KEY_NSPrincipalClass = NSApplication;
				LD_RUNPATH_SEARCH_PATHS = (
					"$(inherited)",
					"@executable_path/../Frameworks",
				);
				MARKETING_VERSION = 1.0;
				PRODUCT_BUNDLE_IDENTIFIER = th.BergeracWoCharts;
				PRODUCT_NAME = "$(TARGET_NAME)";
				SWIFT_EMIT_LOC_STRINGS = YES;
				SWIFT_VERSION = 5.0;
			};
			name = Release;
		};
		E4EF50D628B8034900228BC5 /* Debug */ = {
			isa = XCBuildConfiguration;
			buildSettings = {
				ALWAYS_EMBED_SWIFT_STANDARD_LIBRARIES = YES;
				BUNDLE_LOADER = "$(TEST_HOST)";
				CODE_SIGN_STYLE = Automatic;
				CURRENT_PROJECT_VERSION = 1;
				GENERATE_INFOPLIST_FILE = YES;
				MACOSX_DEPLOYMENT_TARGET = 13.0;
				MARKETING_VERSION = 1.0;
				PRODUCT_BUNDLE_IDENTIFIER = th.BergeracWoChartsTests;
				PRODUCT_NAME = "$(TARGET_NAME)";
				SWIFT_EMIT_LOC_STRINGS = NO;
				SWIFT_VERSION = 5.0;
				TEST_HOST = "$(BUILT_PRODUCTS_DIR)/BergeracWoCharts.app/$(BUNDLE_EXECUTABLE_FOLDER_PATH)/BergeracWoCharts";
			};
			name = Debug;
		};
		E4EF50D728B8034900228BC5 /* Release */ = {
			isa = XCBuildConfiguration;
			buildSettings = {
				ALWAYS_EMBED_SWIFT_STANDARD_LIBRARIES = YES;
				BUNDLE_LOADER = "$(TEST_HOST)";
				CODE_SIGN_STYLE = Automatic;
				CURRENT_PROJECT_VERSION = 1;
				GENERATE_INFOPLIST_FILE = YES;
				MACOSX_DEPLOYMENT_TARGET = 13.0;
				MARKETING_VERSION = 1.0;
				PRODUCT_BUNDLE_IDENTIFIER = th.BergeracWoChartsTests;
				PRODUCT_NAME = "$(TARGET_NAME)";
				SWIFT_EMIT_LOC_STRINGS = NO;
				SWIFT_VERSION = 5.0;
				TEST_HOST = "$(BUILT_PRODUCTS_DIR)/BergeracWoCharts.app/$(BUNDLE_EXECUTABLE_FOLDER_PATH)/BergeracWoCharts";
			};
			name = Release;
		};
		E4EF50D928B8034900228BC5 /* Debug */ = {
			isa = XCBuildConfiguration;
			buildSettings = {
				ALWAYS_EMBED_SWIFT_STANDARD_LIBRARIES = YES;
				CODE_SIGN_STYLE = Automatic;
				CURRENT_PROJECT_VERSION = 1;
				GENERATE_INFOPLIST_FILE = YES;
				MARKETING_VERSION = 1.0;
				PRODUCT_BUNDLE_IDENTIFIER = th.BergeracWoChartsUITests;
				PRODUCT_NAME = "$(TARGET_NAME)";
				SWIFT_EMIT_LOC_STRINGS = NO;
				SWIFT_VERSION = 5.0;
				TEST_TARGET_NAME = BergeracWoCharts;
			};
			name = Debug;
		};
		E4EF50DA28B8034900228BC5 /* Release */ = {
			isa = XCBuildConfiguration;
			buildSettings = {
				ALWAYS_EMBED_SWIFT_STANDARD_LIBRARIES = YES;
				CODE_SIGN_STYLE = Automatic;
				CURRENT_PROJECT_VERSION = 1;
				GENERATE_INFOPLIST_FILE = YES;
				MARKETING_VERSION = 1.0;
				PRODUCT_BUNDLE_IDENTIFIER = th.BergeracWoChartsUITests;
				PRODUCT_NAME = "$(TARGET_NAME)";
				SWIFT_EMIT_LOC_STRINGS = NO;
				SWIFT_VERSION = 5.0;
				TEST_TARGET_NAME = BergeracWoCharts;
			};
			name = Release;
		};
/* End XCBuildConfiguration section */

/* Begin XCConfigurationList section */
		E4EF50A228B8034700228BC5 /* Build configuration list for PBXProject "BergeracWoCharts" */ = {
			isa = XCConfigurationList;
			buildConfigurations = (
				E4EF50D028B8034900228BC5 /* Debug */,
				E4EF50D128B8034900228BC5 /* Release */,
			);
			defaultConfigurationIsVisible = 0;
			defaultConfigurationName = Release;
		};
		E4EF50D228B8034900228BC5 /* Build configuration list for PBXNativeTarget "BergeracWoCharts" */ = {
			isa = XCConfigurationList;
			buildConfigurations = (
				E4EF50D328B8034900228BC5 /* Debug */,
				E4EF50D428B8034900228BC5 /* Release */,
			);
			defaultConfigurationIsVisible = 0;
			defaultConfigurationName = Release;
		};
		E4EF50D528B8034900228BC5 /* Build configuration list for PBXNativeTarget "BergeracWoChartsTests" */ = {
			isa = XCConfigurationList;
			buildConfigurations = (
				E4EF50D628B8034900228BC5 /* Debug */,
				E4EF50D728B8034900228BC5 /* Release */,
			);
			defaultConfigurationIsVisible = 0;
			defaultConfigurationName = Release;
		};
		E4EF50D828B8034900228BC5 /* Build configuration list for PBXNativeTarget "BergeracWoChartsUITests" */ = {
			isa = XCConfigurationList;
			buildConfigurations = (
				E4EF50D928B8034900228BC5 /* Debug */,
				E4EF50DA28B8034900228BC5 /* Release */,
			);
			defaultConfigurationIsVisible = 0;
			defaultConfigurationName = Release;
		};
/* End XCConfigurationList section */

/* Begin XCRemoteSwiftPackageReference section */
		E4EF50DC28B8050E00228BC5 /* XCRemoteSwiftPackageReference "LaunchAtLogin" */ = {
			isa = XCRemoteSwiftPackageReference;
			repositoryURL = "https://github.com/sindresorhus/LaunchAtLogin";
			requirement = {
				branch = main;
				kind = branch;
			};
		};
		E4EF50DF28B8056100228BC5 /* XCRemoteSwiftPackageReference "SwiftDate" */ = {
			isa = XCRemoteSwiftPackageReference;
			repositoryURL = "https://github.com/malcommac/SwiftDate";
			requirement = {
				kind = upToNextMajorVersion;
				minimumVersion = 6.0.0;
			};
		};
		E4EF50E228B805A600228BC5 /* XCRemoteSwiftPackageReference "SwiftyTranslate" */ = {
			isa = XCRemoteSwiftPackageReference;
			repositoryURL = "https://github.com/cpageler93/SwiftyTranslate";
			requirement = {
				branch = master;
				kind = branch;
			};
		};
		E4EF50E528B8069200228BC5 /* XCRemoteSwiftPackageReference "Charts" */ = {
			isa = XCRemoteSwiftPackageReference;
			repositoryURL = "https://github.com/danielgindi/Charts";
			requirement = {
				kind = upToNextMajorVersion;
				minimumVersion = 4.0.0;
			};
		};
/* End XCRemoteSwiftPackageReference section */

/* Begin XCSwiftPackageProductDependency section */
		E4EF50DD28B8050E00228BC5 /* LaunchAtLogin */ = {
			isa = XCSwiftPackageProductDependency;
			package = E4EF50DC28B8050E00228BC5 /* XCRemoteSwiftPackageReference "LaunchAtLogin" */;
			productName = LaunchAtLogin;
		};
		E4EF50E028B8056100228BC5 /* SwiftDate */ = {
			isa = XCSwiftPackageProductDependency;
			package = E4EF50DF28B8056100228BC5 /* XCRemoteSwiftPackageReference "SwiftDate" */;
			productName = SwiftDate;
		};
		E4EF50E328B805A600228BC5 /* SwiftyTranslate */ = {
			isa = XCSwiftPackageProductDependency;
			package = E4EF50E228B805A600228BC5 /* XCRemoteSwiftPackageReference "SwiftyTranslate" */;
			productName = SwiftyTranslate;
		};
		E4EF50E628B8069200228BC5 /* Charts */ = {
			isa = XCSwiftPackageProductDependency;
			package = E4EF50E528B8069200228BC5 /* XCRemoteSwiftPackageReference "Charts" */;
			productName = Charts;
		};
/* End XCSwiftPackageProductDependency section */

/* Begin XCVersionGroup section */
		E4EF50B028B8034700228BC5 /* Document.xcdatamodeld */ = {
			isa = XCVersionGroup;
			children = (
				E4EF50B128B8034700228BC5 /* Document.xcdatamodel */,
			);
			currentVersion = E4EF50B128B8034700228BC5 /* Document.xcdatamodel */;
			path = Document.xcdatamodeld;
			sourceTree = "<group>";
			versionGroupType = wrapper.xcdatamodel;
		};
/* End XCVersionGroup section */
	};
	rootObject = E4EF509F28B8034700228BC5 /* Project object */;
}
